// !$*UTF8*$!
{
	archiveVersion = 1;
	classes = {
	};
	objectVersion = 46;
	objects = {

/* Begin PBXBuildFile section */
		D727368F1E5F429D00E75038 /* AppDelegate.swift in Sources */ = {isa = PBXBuildFile; fileRef = D727368E1E5F429D00E75038 /* AppDelegate.swift */; };
		D72736911E5F429D00E75038 /* ViewController.swift in Sources */ = {isa = PBXBuildFile; fileRef = D72736901E5F429D00E75038 /* ViewController.swift */; };
		D72736941E5F429D00E75038 /* Main.storyboard in Resources */ = {isa = PBXBuildFile; fileRef = D72736921E5F429D00E75038 /* Main.storyboard */; };
		D72736971E5F429D00E75038 /* Binary_Calculator.xcdatamodeld in Sources */ = {isa = PBXBuildFile; fileRef = D72736951E5F429D00E75038 /* Binary_Calculator.xcdatamodeld */; };
		D72736991E5F429D00E75038 /* Assets.xcassets in Resources */ = {isa = PBXBuildFile; fileRef = D72736981E5F429D00E75038 /* Assets.xcassets */; };
		D727369C1E5F429D00E75038 /* LaunchScreen.storyboard in Resources */ = {isa = PBXBuildFile; fileRef = D727369A1E5F429D00E75038 /* LaunchScreen.storyboard */; };
/* End PBXBuildFile section */

/* Begin PBXFileReference section */
		D727368B1E5F429D00E75038 /* Binary Calculator.app */ = {isa = PBXFileReference; explicitFileType = wrapper.application; includeInIndex = 0; path = "Binary Calculator.app"; sourceTree = BUILT_PRODUCTS_DIR; };
		D727368E1E5F429D00E75038 /* AppDelegate.swift */ = {isa = PBXFileReference; lastKnownFileType = sourcecode.swift; path = AppDelegate.swift; sourceTree = "<group>"; };
		D72736901E5F429D00E75038 /* ViewController.swift */ = {isa = PBXFileReference; lastKnownFileType = sourcecode.swift; path = ViewController.swift; sourceTree = "<group>"; };
		D72736931E5F429D00E75038 /* Base */ = {isa = PBXFileReference; lastKnownFileType = file.storyboard; name = Base; path = Base.lproj/Main.storyboard; sourceTree = "<group>"; };
		D72736961E5F429D00E75038 /* Binary_Calculator.xcdatamodel */ = {isa = PBXFileReference; lastKnownFileType = wrapper.xcdatamodel; path = Binary_Calculator.xcdatamodel; sourceTree = "<group>"; };
		D72736981E5F429D00E75038 /* Assets.xcassets */ = {isa = PBXFileReference; lastKnownFileType = folder.assetcatalog; path = Assets.xcassets; sourceTree = "<group>"; };
		D727369B1E5F429D00E75038 /* Base */ = {isa = PBXFileReference; lastKnownFileType = file.storyboard; name = Base; path = Base.lproj/LaunchScreen.storyboard; sourceTree = "<group>"; };
		D727369D1E5F429D00E75038 /* Info.plist */ = {isa = PBXFileReference; lastKnownFileType = text.plist.xml; path = Info.plist; sourceTree = "<group>"; };
/* End PBXFileReference section */

/* Begin PBXFrameworksBuildPhase section */
		D72736881E5F429D00E75038 /* Frameworks */ = {
			isa = PBXFrameworksBuildPhase;
			buildActionMask = 2147483647;
			files = (
			);
			runOnlyForDeploymentPostprocessing = 0;
		};
/* End PBXFrameworksBuildPhase section */

/* Begin PBXGroup section */
		D72736821E5F429D00E75038 = {
			isa = PBXGroup;
			children = (
				D727368D1E5F429D00E75038 /* Binary Calculator */,
				D727368C1E5F429D00E75038 /* Products */,
			);
			sourceTree = "<group>";
		};
		D727368C1E5F429D00E75038 /* Products */ = {
			isa = PBXGroup;
			children = (
				D727368B1E5F429D00E75038 /* Binary Calculator.app */,
			);
			name = Products;
			sourceTree = "<group>";
		};
		D727368D1E5F429D00E75038 /* Binary Calculator */ = {
			isa = PBXGroup;
			children = (
				D727368E1E5F429D00E75038 /* AppDelegate.swift */,
				D72736901E5F429D00E75038 /* ViewController.swift */,
				D72736921E5F429D00E75038 /* Main.storyboard */,
				D72736981E5F429D00E75038 /* Assets.xcassets */,
				D727369A1E5F429D00E75038 /* LaunchScreen.storyboard */,
				D727369D1E5F429D00E75038 /* Info.plist */,
				D72736951E5F429D00E75038 /* Binary_Calculator.xcdatamodeld */,
			);
			path = "Binary Calculator";
			sourceTree = "<group>";
		};
/* End PBXGroup section */

/* Begin PBXNativeTarget section */
		D727368A1E5F429D00E75038 /* Binary Calculator */ = {
			isa = PBXNativeTarget;
			buildConfigurationList = D72736A01E5F429D00E75038 /* Build configuration list for PBXNativeTarget "Binary Calculator" */;
			buildPhases = (
				D72736871E5F429D00E75038 /* Sources */,
				D72736881E5F429D00E75038 /* Frameworks */,
				D72736891E5F429D00E75038 /* Resources */,
			);
			buildRules = (
			);
			dependencies = (
			);
			name = "Binary Calculator";
			productName = "Binary Calculator";
			productReference = D727368B1E5F429D00E75038 /* Binary Calculator.app */;
			productType = "com.apple.product-type.application";
		};
/* End PBXNativeTarget section */

/* Begin PBXProject section */
		D72736831E5F429D00E75038 /* Project object */ = {
			isa = PBXProject;
			attributes = {
				LastSwiftUpdateCheck = 0810;
				LastUpgradeCheck = 0810;
				ORGANIZATIONNAME = "John Hersey High School";
				TargetAttributes = {
					D727368A1E5F429D00E75038 = {
						CreatedOnToolsVersion = 8.1;
						ProvisioningStyle = Automatic;
					};
				};
			};
			buildConfigurationList = D72736861E5F429D00E75038 /* Build configuration list for PBXProject "Binary Calculator" */;
			compatibilityVersion = "Xcode 3.2";
			developmentRegion = English;
			hasScannedForEncodings = 0;
			knownRegions = (
				en,
				Base,
			);
			mainGroup = D72736821E5F429D00E75038;
			productRefGroup = D727368C1E5F429D00E75038 /* Products */;
			projectDirPath = "";
			projectRoot = "";
			targets = (
				D727368A1E5F429D00E75038 /* Binary Calculator */,
			);
		};
/* End PBXProject section */

/* Begin PBXResourcesBuildPhase section */
		D72736891E5F429D00E75038 /* Resources */ = {
			isa = PBXResourcesBuildPhase;
			buildActionMask = 2147483647;
			files = (
				D727369C1E5F429D00E75038 /* LaunchScreen.storyboard in Resources */,
				D72736991E5F429D00E75038 /* Assets.xcassets in Resources */,
				D72736941E5F429D00E75038 /* Main.storyboard in Resources */,
			);
			runOnlyForDeploymentPostprocessing = 0;
		};
/* End PBXResourcesBuildPhase section */

/* Begin PBXSourcesBuildPhase section */
		D72736871E5F429D00E75038 /* Sources */ = {
			isa = PBXSourcesBuildPhase;
			buildActionMask = 2147483647;
			files = (
				D72736911E5F429D00E75038 /* ViewController.swift in Sources */,
				D72736971E5F429D00E75038 /* Binary_Calculator.xcdatamodeld in Sources */,
				D727368F1E5F429D00E75038 /* AppDelegate.swift in Sources */,
			);
			runOnlyForDeploymentPostprocessing = 0;
		};
/* End PBXSourcesBuildPhase section */

/* Begin PBXVariantGroup section */
		D72736921E5F429D00E75038 /* Main.storyboard */ = {
			isa = PBXVariantGroup;
			children = (
				D72736931E5F429D00E75038 /* Base */,
			);
			name = Main.storyboard;
			sourceTree = "<group>";
		};
		D727369A1E5F429D00E75038 /* LaunchScreen.storyboard */ = {
			isa = PBXVariantGroup;
			children = (
				D727369B1E5F429D00E75038 /* Base */,
			);
			name = LaunchScreen.storyboard;
			sourceTree = "<group>";
		};
/* End PBXVariantGroup section */

/* Begin XCBuildConfiguration section */
		D727369E1E5F429D00E75038 /* Debug */ = {
			isa = XCBuildConfiguration;
			buildSettings = {
				ALWAYS_SEARCH_USER_PATHS = NO;
				CLANG_ANALYZER_NONNULL = YES;
				CLANG_CXX_LANGUAGE_STANDARD = "gnu++0x";
				CLANG_CXX_LIBRARY = "libc++";
				CLANG_ENABLE_MODULES = YES;
				CLANG_ENABLE_OBJC_ARC = YES;
				CLANG_WARN_BOOL_CONVERSION = YES;
				CLANG_WARN_CONSTANT_CONVERSION = YES;
				CLANG_WARN_DIRECT_OBJC_ISA_USAGE = YES_ERROR;
				CLANG_WARN_DOCUMENTATION_COMMENTS = YES;
				CLANG_WARN_EMPTY_BODY = YES;
				CLANG_WARN_ENUM_CONVERSION = YES;
				CLANG_WARN_INFINITE_RECURSION = YES;
				CLANG_WARN_INT_CONVERSION = YES;
				CLANG_WARN_OBJC_ROOT_CLASS = YES_ERROR;
				CLANG_WARN_SUSPICIOUS_MOVES = YES;
				CLANG_WARN_UNREACHABLE_CODE = YES;
				CLANG_WARN__DUPLICATE_METHOD_MATCH = YES;
				"CODE_SIGN_IDENTITY[sdk=iphoneos*]" = "iPhone Developer";
				COPY_PHASE_STRIP = NO;
				DEBUG_INFORMATION_FORMAT = dwarf;
				ENABLE_STRICT_OBJC_MSGSEND = YES;
				ENABLE_TESTABILITY = YES;
				GCC_C_LANGUAGE_STANDARD = gnu99;
				GCC_DYNAMIC_NO_PIC = NO;
				GCC_NO_COMMON_BLOCKS = YES;
				GCC_OPTIMIZATION_LEVEL = 0;
				GCC_PREPROCESSOR_DEFINITIONS = (
					"DEBUG=1",
					"$(inherited)",
				);
				GCC_WARN_64_TO_32_BIT_CONVERSION = YES;
				GCC_WARN_ABOUT_RETURN_TYPE = YES_ERROR;
				GCC_WARN_UNDECLARED_SELECTOR = YES;
				GCC_WARN_UNINITIALIZED_AUTOS = YES_AGGRESSIVE;
				GCC_WARN_UNUSED_FUNCTION = YES;
				GCC_WARN_UNUSED_VARIABLE = YES;
				IPHONEOS_DEPLOYMENT_TARGET = 10.1;
				MTL_ENABLE_DEBUG_INFO = YES;
				ONLY_ACTIVE_ARCH = YES;
				SDKROOT = iphoneos;
				SWIFT_ACTIVE_COMPILATION_CONDITIONS = DEBUG;
				SWIFT_OPTIMIZATION_LEVEL = "-Onone";
				TARGETED_DEVICE_FAMILY = "1,2";
			};
			name = Debug;
		};
		D727369F1E5F429D00E75038 /* Release */ = {
			isa = XCBuildConfiguration;
			buildSettings = {
				ALWAYS_SEARCH_USER_PATHS = NO;
				CLANG_ANALYZER_NONNULL = YES;
				CLANG_CXX_LANGUAGE_STANDARD = "gnu++0x";
				CLANG_CXX_LIBRARY = "libc++";
				CLANG_ENABLE_MODULES = YES;
				CLANG_ENABLE_OBJC_ARC = YES;
				CLANG_WARN_BOOL_CONVERSION = YES;
				CLANG_WARN_CONSTANT_CONVERSION = YES;
				CLANG_WARN_DIRECT_OBJC_ISA_USAGE = YES_ERROR;
				CLANG_WARN_DOCUMENTATION_COMMENTS = YES;
				CLANG_WARN_EMPTY_BODY = YES;
				CLANG_WARN_ENUM_CONVERSION = YES;
				CLANG_WARN_INFINITE_RECURSION = YES;
				CLANG_WARN_INT_CONVERSION = YES;
				CLANG_WARN_OBJC_ROOT_CLASS = YES_ERROR;
				CLANG_WARN_SUSPICIOUS_MOVES = YES;
				CLANG_WARN_UNREACHABLE_CODE = YES;
				CLANG_WARN__DUPLICATE_METHOD_MATCH = YES;
				"CODE_SIGN_IDENTITY[sdk=iphoneos*]" = "iPhone Developer";
				COPY_PHASE_STRIP = NO;
				DEBUG_INFORMATION_FORMAT = "dwarf-with-dsym";
				ENABLE_NS_ASSERTIONS = NO;
				ENABLE_STRICT_OBJC_MSGSEND = YES;
				GCC_C_LANGUAGE_STANDARD = gnu99;
				GCC_NO_COMMON_BLOCKS = YES;
				GCC_WARN_64_TO_32_BIT_CONVERSION = YES;
				GCC_WARN_ABOUT_RETURN_TYPE = YES_ERROR;
				GCC_WARN_UNDECLARED_SELECTOR = YES;
				GCC_WARN_UNINITIALIZED_AUTOS = YES_AGGRESSIVE;
				GCC_WARN_UNUSED_FUNCTION = YES;
				GCC_WARN_UNUSED_VARIABLE = YES;
				IPHONEOS_DEPLOYMENT_TARGET = 10.1;
				MTL_ENABLE_DEBUG_INFO = NO;
				SDKROOT = iphoneos;
				SWIFT_OPTIMIZATION_LEVEL = "-Owholemodule";
				TARGETED_DEVICE_FAMILY = "1,2";
				VALIDATE_PRODUCT = YES;
			};
			name = Release;
		};
		D72736A11E5F429D00E75038 /* Debug */ = {
			isa = XCBuildConfiguration;
			buildSettings = {
				ASSETCATALOG_COMPILER_APPICON_NAME = AppIcon;
				INFOPLIST_FILE = "Binary Calculator/Info.plist";
				LD_RUNPATH_SEARCH_PATHS = "$(inherited) @executable_path/Frameworks";
				PRODUCT_BUNDLE_IDENTIFIER = "org.jhhs.Binary-Calculator";
				PRODUCT_NAME = "$(TARGET_NAME)";
				SWIFT_VERSION = 3.0;
			};
			name = Debug;
		};
		D72736A21E5F429D00E75038 /* Release */ = {
			isa = XCBuildConfiguration;
			buildSettings = {
				ASSETCATALOG_COMPILER_APPICON_NAME = AppIcon;
				INFOPLIST_FILE = "Binary Calculator/Info.plist";
				LD_RUNPATH_SEARCH_PATHS = "$(inherited) @executable_path/Frameworks";
				PRODUCT_BUNDLE_IDENTIFIER = "org.jhhs.Binary-Calculator";
				PRODUCT_NAME = "$(TARGET_NAME)";
				SWIFT_VERSION = 3.0;
			};
			name = Release;
		};
/* End XCBuildConfiguration section */

/* Begin XCConfigurationList section */
		D72736861E5F429D00E75038 /* Build configuration list for PBXProject "Binary Calculator" */ = {
			isa = XCConfigurationList;
			buildConfigurations = (
				D727369E1E5F429D00E75038 /* Debug */,
				D727369F1E5F429D00E75038 /* Release */,
			);
			defaultConfigurationIsVisible = 0;
			defaultConfigurationName = Release;
		};
		D72736A01E5F429D00E75038 /* Build configuration list for PBXNativeTarget "Binary Calculator" */ = {
			isa = XCConfigurationList;
			buildConfigurations = (
				D72736A11E5F429D00E75038 /* Debug */,
				D72736A21E5F429D00E75038 /* Release */,
			);
			defaultConfigurationIsVisible = 0;
		};
/* End XCConfigurationList section */

/* Begin XCVersionGroup section */
		D72736951E5F429D00E75038 /* Binary_Calculator.xcdatamodeld */ = {
			isa = XCVersionGroup;
			children = (
				D72736961E5F429D00E75038 /* Binary_Calculator.xcdatamodel */,
			);
			currentVersion = D72736961E5F429D00E75038 /* Binary_Calculator.xcdatamodel */;
			path = Binary_Calculator.xcdatamodeld;
			sourceTree = "<group>";
			versionGroupType = wrapper.xcdatamodel;
		};
/* End XCVersionGroup section */
	};
	rootObject = D72736831E5F429D00E75038 /* Project object */;
}
